
Microsoft Visual Studio Solution File, Format Version 12.00
# Visual Studio Version 17
VisualStudioVersion = 17.1.32228.430
MinimumVisualStudioVersion = 10.0.40219.1
Project("{9A19103F-16F7-4668-BE54-9A1E7A4F7556}") = "GB", "NES\GB.csproj", "{B97F2509-6454-4A07-A49E-1BEA593AF4E9}"
EndProject
Project("{FAE04EC0-301F-11D3-BF4B-00C04F79EFBC}") = "CpuTests", "CpuTests\CpuTests.csproj", "{A1ED52E2-DE87-4364-A00C-8EEADEB330D8}"
EndProject
Global
	GlobalSection(SolutionConfigurationPlatforms) = preSolution
		Debug|Any CPU = Debug|Any CPU
		Release|Any CPU = Release|Any CPU
	EndGlobalSection
	GlobalSection(ProjectConfigurationPlatforms) = postSolution
		{B97F2509-6454-4A07-A49E-1BEA593AF4E9}.Debug|Any CPU.ActiveCfg = Debug|Any CPU
		{B97F2509-6454-4A07-A49E-1BEA593AF4E9}.Debug|Any CPU.Build.0 = Debug|Any CPU
		{B97F2509-6454-4A07-A49E-1BEA593AF4E9}.Release|Any CPU.ActiveCfg = Release|Any CPU
		{B97F2509-6454-4A07-A49E-1BEA593AF4E9}.Release|Any CPU.Build.0 = Release|Any CPU
		{A1ED52E2-DE87-4364-A00C-8EEADEB330D8}.Debug|Any CPU.ActiveCfg = Debug|Any CPU
		{A1ED52E2-DE87-4364-A00C-8EEADEB330D8}.Debug|Any CPU.Build.0 = Debug|Any CPU
		{A1ED52E2-DE87-4364-A00C-8EEADEB330D8}.Release|Any CPU.ActiveCfg = Release|Any CPU
		{A1ED52E2-DE87-4364-A00C-8EEADEB330D8}.Release|Any CPU.Build.0 = Release|Any CPU
	EndGlobalSection
	GlobalSection(SolutionProperties) = preSolution
		HideSolutionNode = FALSE
	EndGlobalSection
	GlobalSection(ExtensibilityGlobals) = postSolution
		SolutionGuid = {EF63A5FF-A71E-4A87-B3E2-6B53F8676BEF}
	EndGlobalSection
EndGlobal
